
Microsoft Visual Studio Solution File, Format Version 12.00
# Visual Studio Version 17
VisualStudioVersion = 17.4.33103.184
MinimumVisualStudioVersion = 10.0.40219.1
Project("{9A19103F-16F7-4668-BE54-9A1E7A4F7556}") = "GameHub", "HubDeJogos\GameHub.csproj", "{C6C224DA-C8C1-4617-8B2B-6FCC44733DC7}"
EndProject
Global
	GlobalSection(SolutionConfigurationPlatforms) = preSolution
		Debug|Any CPU = Debug|Any CPU
		Release|Any CPU = Release|Any CPU
	EndGlobalSection
	GlobalSection(ProjectConfigurationPlatforms) = postSolution
		{C6C224DA-C8C1-4617-8B2B-6FCC44733DC7}.Debug|Any CPU.ActiveCfg = Debug|Any CPU
		{C6C224DA-C8C1-4617-8B2B-6FCC44733DC7}.Debug|Any CPU.Build.0 = Debug|Any CPU
		{C6C224DA-C8C1-4617-8B2B-6FCC44733DC7}.Release|Any CPU.ActiveCfg = Release|Any CPU
		{C6C224DA-C8C1-4617-8B2B-6FCC44733DC7}.Release|Any CPU.Build.0 = Release|Any CPU
	EndGlobalSection
	GlobalSection(SolutionProperties) = preSolution
		HideSolutionNode = FALSE
	EndGlobalSection
	GlobalSection(ExtensibilityGlobals) = postSolution
		SolutionGuid = {008171C9-A9D9-423E-B25F-A65090287AEB}
	EndGlobalSection
EndGlobal
